<Solution>
  <Folder Name="/src/">
    <Project Path="src/OpenMenu.Application/OpenMenu.Application.csproj" />
    <Project Path="src/OpenMenu.Domain/OpenMenu.Domain.csproj" />
    <Project Path="src/OpenMenu.Infrastructure/OpenMenu.Infrastructure.csproj" />
    <Project Path="src/OpenMenu.Web/OpenMenu.Web.csproj" />
    <Project Path="src/OpenMenu.Web.Client/OpenMenu.Web.Client.csproj" />
  </Folder>
  <Folder Name="/tests/">
    <Project Path="tests/OpenMenu.E2ETests/OpenMenu.E2ETests.csproj" />
    <Project Path="tests/OpenMenu.Tests/OpenMenu.Tests.csproj" />
  </Folder>
</Solution>
